{
  "name": "word_record",
  "lockfileVersion": 3,
  "requires": true,
  "packages": {
    "": {
      "dependencies": {
        "vue-infinite-scroll": "^2.0.2"
      }
    },
    "node_modules/vue-infinite-scroll": {
      "version": "2.0.2",
      "resolved": "https://registry.npmmirror.com/vue-infinite-scroll/-/vue-infinite-scroll-2.0.2.tgz",
      "integrity": "sha512-n+YghR059YmciANGJh9SsNWRi1YZEBVlODtmnb/12zI+4R72QZSWd+EuZ5mW6auEo/yaJXgxzwsuhvALVnm73A=="
    }
  }
}
